// !$*UTF8*$!
{
	archiveVersion = 1;
	classes = {
	};
	objectVersion = 54;
	objects = {

/* Begin PBXBuildFile section */
		00E356F31AD99517003FC87E /* Coffee_Shop_AppTests.m in Sources */ = {isa = PBXBuildFile; fileRef = 00E356F21AD99517003FC87E /* Coffee_Shop_AppTests.m */; };
		0C80B921A6F3F58F76C31292 /* libPods-Coffee_Shop_App.a in Frameworks */ = {isa = PBXBuildFile; fileRef = 5DCACB8F33CDC322A6C60F78 /* libPods-Coffee_Shop_App.a */; };
		13B07FBC1A68108700A75B9A /* AppDelegate.mm in Sources */ = {isa = PBXBuildFile; fileRef = 13B07FB01A68108700A75B9A /* AppDelegate.mm */; };
		13B07FBF1A68108700A75B9A /* Images.xcassets in Resources */ = {isa = PBXBuildFile; fileRef = 13B07FB51A68108700A75B9A /* Images.xcassets */; };
		13B07FC11A68108700A75B9A /* main.m in Sources */ = {isa = PBXBuildFile; fileRef = 13B07FB71A68108700A75B9A /* main.m */; };
		7699B88040F8A987B510C191 /* libPods-Coffee_Shop_App-Coffee_Shop_AppTests.a in Frameworks */ = {isa = PBXBuildFile; fileRef = 19F6CBCC0A4E27FBF8BF4A61 /* libPods-Coffee_Shop_App-Coffee_Shop_AppTests.a */; };
		81AB9BB82411601600AC10FF /* LaunchScreen.storyboard in Resources */ = {isa = PBXBuildFile; fileRef = 81AB9BB72411601600AC10FF /* LaunchScreen.storyboard */; };
		E125F19ADD7A414598CC9DFA /* app_icons.ttf in Resources */ = {isa = PBXBuildFile; fileRef = 399C70E451A548498E8062E0 /* app_icons.ttf */; };
		D5D7900703784E89B2E99839 /* Poppins-Black.ttf in Resources */ = {isa = PBXBuildFile; fileRef = BC18309F499841BE9679BCFE /* Poppins-Black.ttf */; };
		B2539AABF081408BACEF0ECD /* Poppins-Bold.ttf in Resources */ = {isa = PBXBuildFile; fileRef = C677F04D2DDD4BFCAC2CA90B /* Poppins-Bold.ttf */; };
		21E7352213F2408C88559C74 /* Poppins-ExtraBold.ttf in Resources */ = {isa = PBXBuildFile; fileRef = 76F6C5F658EF489CB8C8CF56 /* Poppins-ExtraBold.ttf */; };
		36E8FF7AA6064FE8AC4ECF06 /* Poppins-ExtraLight.ttf in Resources */ = {isa = PBXBuildFile; fileRef = BFAAD5878D43498CAE7B7868 /* Poppins-ExtraLight.ttf */; };
		9F60054B67F249E8B5431222 /* Poppins-Light.ttf in Resources */ = {isa = PBXBuildFile; fileRef = 3DD2B57254A24264BA5014EC /* Poppins-Light.ttf */; };
		11583225606C4728BD7DB128 /* Poppins-Medium.ttf in Resources */ = {isa = PBXBuildFile; fileRef = 1F0760370C1044768D13B4BA /* Poppins-Medium.ttf */; };
		483C145A51DD440F8BDF4DB8 /* Poppins-Regular.ttf in Resources */ = {isa = PBXBuildFile; fileRef = ED195710217B4784B03A80EA /* Poppins-Regular.ttf */; };
		8CBE2D9FEDFD451EA95AC64E /* Poppins-SemiBold.ttf in Resources */ = {isa = PBXBuildFile; fileRef = 2114738A1C2F48FF8C70226A /* Poppins-SemiBold.ttf */; };
		D888D932979248ADBCF8ED22 /* Poppins-Thin.ttf in Resources */ = {isa = PBXBuildFile; fileRef = E571C519DFC94906AF1EFF68 /* Poppins-Thin.ttf */; };
		CBC789AD845648CEAA653BC8 /* amazonpay.png in Resources */ = {isa = PBXBuildFile; fileRef = CC9CFC39FC9840E78851C111 /* amazonpay.png */; };
		B1A9287BEA964C2EB83B6342 /* applepay.png in Resources */ = {isa = PBXBuildFile; fileRef = 401624333F5D4EEA9EC551EE /* applepay.png */; };
		2A3D274A93CD4E188BC0BDF5 /* avatar.png in Resources */ = {isa = PBXBuildFile; fileRef = BD2E547353B441A18423A693 /* avatar.png */; };
		97C1537DF4F84AA2B66459CE /* gpay.png in Resources */ = {isa = PBXBuildFile; fileRef = 3012BFD5A8EB4B8B8594493D /* gpay.png */; };
		26BCC221B39E41849BCB67A5 /* americano_pic_1_portrait.png in Resources */ = {isa = PBXBuildFile; fileRef = CCFEA1CAC9134E62A04FF7E6 /* americano_pic_1_portrait.png */; };
		32110864BA794B81B4838DF9 /* americano_pic_2_portrait.png in Resources */ = {isa = PBXBuildFile; fileRef = B604D193360D40CB83333E79 /* americano_pic_2_portrait.png */; };
		2EC35BDA9172474FBF92AF57 /* americano_pic_3_portrait.png in Resources */ = {isa = PBXBuildFile; fileRef = DE27992A73614D12B69ABB76 /* americano_pic_3_portrait.png */; };
		0FC6842728CD432E93FEAB5F /* americano_pic_1_square.png in Resources */ = {isa = PBXBuildFile; fileRef = F11936952C974764A51A8C37 /* americano_pic_1_square.png */; };
		6586C41A9ACC42CD84E65204 /* americano_pic_2_square.png in Resources */ = {isa = PBXBuildFile; fileRef = 140F48FA322148C2928FD036 /* americano_pic_2_square.png */; };
		C8CEE8CEF9B9429D9BE8FA78 /* americano_pic_3_square.png in Resources */ = {isa = PBXBuildFile; fileRef = 666705203AF74F5590D0F498 /* americano_pic_3_square.png */; };
		051B0EB21A7745BB93181AC8 /* arabica_coffee_beans_portrait.png in Resources */ = {isa = PBXBuildFile; fileRef = 1B67907B3C56422388F2371B /* arabica_coffee_beans_portrait.png */; };
		9CE06E4493054EE0931954E9 /* arabica_coffee_beans_square.png in Resources */ = {isa = PBXBuildFile; fileRef = C9B7327457CF48A7B908005C /* arabica_coffee_beans_square.png */; };
		1AC0089E5FDA4C98808FBC4F /* black_coffee_pic_1_portrait.png in Resources */ = {isa = PBXBuildFile; fileRef = 959E49E7317E46379E96753D /* black_coffee_pic_1_portrait.png */; };
		BC974A3B6AA5485BB6FA1FC5 /* black_coffee_pic_2_portrait.png in Resources */ = {isa = PBXBuildFile; fileRef = EDD5413E77F34DE094E197C1 /* black_coffee_pic_2_portrait.png */; };
		EB74C7C0B24A49D4812B2CEB /* black_coffee_pic_3_portrait.png in Resources */ = {isa = PBXBuildFile; fileRef = DB5878340E67445E977EFEA8 /* black_coffee_pic_3_portrait.png */; };
		D3607C8982814A4E9872F087 /* black_coffee_pic_1_square.png in Resources */ = {isa = PBXBuildFile; fileRef = 7B6345064DA6462E832EE0B6 /* black_coffee_pic_1_square.png */; };
		E66A7825141C4AD8938340BC /* black_coffee_pic_2_square.png in Resources */ = {isa = PBXBuildFile; fileRef = 93B252FBC8A9493994338509 /* black_coffee_pic_2_square.png */; };
		D7E4A3CF6240416EA301F583 /* black_coffee_pic_3_square.png in Resources */ = {isa = PBXBuildFile; fileRef = 6DED2259910E4C16931254CD /* black_coffee_pic_3_square.png */; };
		8355D2F11B8644D59A816F6B /* cappuccino_pic_1_portrait.png in Resources */ = {isa = PBXBuildFile; fileRef = ADC17974652548DEB1E349D2 /* cappuccino_pic_1_portrait.png */; };
		69AB81F54B254F5FA4A1C1D6 /* cappuccino_pic_2_portrait.png in Resources */ = {isa = PBXBuildFile; fileRef = 329FC0E3A4424D588A3C3C58 /* cappuccino_pic_2_portrait.png */; };
		16B21A9741CA460081B817BD /* cappuccino_pic_3_portrait.png in Resources */ = {isa = PBXBuildFile; fileRef = F98B368EED024A64B8108794 /* cappuccino_pic_3_portrait.png */; };
		15BADC3FEF584770AC8F7F06 /* cappuccino_pic_1_square.png in Resources */ = {isa = PBXBuildFile; fileRef = 0C188689632F4B5587A79F61 /* cappuccino_pic_1_square.png */; };
		C34A5671A3D54064829D5D67 /* cappuccino_pic_2_square.png in Resources */ = {isa = PBXBuildFile; fileRef = CD1DEE1EA2D647098B19E6E1 /* cappuccino_pic_2_square.png */; };
		918688DB4AFF46EC99928D4D /* cappuccino_pic_3_square.png in Resources */ = {isa = PBXBuildFile; fileRef = 939771B0AB354563A71DA0F7 /* cappuccino_pic_3_square.png */; };
		E6F24DE597DB407B8E04414F /* espresso_pic_1_portrait.png in Resources */ = {isa = PBXBuildFile; fileRef = AD7D8F915B9E4438A3542EC2 /* espresso_pic_1_portrait.png */; };
		4F14025EDD284B6AAEF5CB8C /* espresso_pic_2_portrait.png in Resources */ = {isa = PBXBuildFile; fileRef = 92AF189C41FF4643813E8EA2 /* espresso_pic_2_portrait.png */; };
		60AA1A0AEFF043B99D18717A /* espresso_pic_3_portrait.png in Resources */ = {isa = PBXBuildFile; fileRef = 1C21B1ADC4164D40A4F20675 /* espresso_pic_3_portrait.png */; };
		742B927A654A4F06BC9F3819 /* espresso_pic_1_square.png in Resources */ = {isa = PBXBuildFile; fileRef = D6077B1E82EA491B80009B50 /* espresso_pic_1_square.png */; };
		83A1F21879F24367A342E482 /* espresso_pic_2_square.png in Resources */ = {isa = PBXBuildFile; fileRef = 3F7B1CEEEBE34F4D90C9FA04 /* espresso_pic_2_square.png */; };
		C5E9FC59ECD44670BC0AE90F /* espresso_pic_3_square.png in Resources */ = {isa = PBXBuildFile; fileRef = 5F2F1BFFA38D4B03823CB831 /* espresso_pic_3_square.png */; };
		B01D175588DD4635B8FB8E94 /* excelsa_coffee_beans_portrait.png in Resources */ = {isa = PBXBuildFile; fileRef = DFBE72196E0849DEA55F4CBA /* excelsa_coffee_beans_portrait.png */; };
		2C2A42693D73452882EE2840 /* excelsa_coffee_beans_square.png in Resources */ = {isa = PBXBuildFile; fileRef = 7B7811CBE72B42869C5CEF52 /* excelsa_coffee_beans_square.png */; };
		D2BA3D87F6B341CC8A0A2E67 /* latte_pic_1_portrait.png in Resources */ = {isa = PBXBuildFile; fileRef = DE1901794F454B6B886F3AE3 /* latte_pic_1_portrait.png */; };
		26AD9D6319024522920818F9 /* latte_pic_2_portrait.png in Resources */ = {isa = PBXBuildFile; fileRef = C813C88BFCE34A73B1855F15 /* latte_pic_2_portrait.png */; };
		596D1D10483F411A929BAA32 /* latte_pic_3_portrait.png in Resources */ = {isa = PBXBuildFile; fileRef = E35B16A1E30240C8B7F4F68A /* latte_pic_3_portrait.png */; };
		4900022C29F546BA9A6A1F9F /* latte_pic_1_square.png in Resources */ = {isa = PBXBuildFile; fileRef = 57199F1770B34E5795FC4F77 /* latte_pic_1_square.png */; };
		71E822C754B340308CF2BF6F /* latte_pic_2_square.png in Resources */ = {isa = PBXBuildFile; fileRef = 03EDEFF4C0064625A7EDCE68 /* latte_pic_2_square.png */; };
		3E977B8112A547748096C2A9 /* latte_pic_3_square.png in Resources */ = {isa = PBXBuildFile; fileRef = 4A41C427B55F46C791027FB9 /* latte_pic_3_square.png */; };
		41170947E35C4FF087F544C4 /* liberica_coffee_beans_portrait.png in Resources */ = {isa = PBXBuildFile; fileRef = 431BC2D4E771434E869EE3FD /* liberica_coffee_beans_portrait.png */; };
		395AFC09480546169B40660C /* liberica_coffee_beans_square.png in Resources */ = {isa = PBXBuildFile; fileRef = 0111F417351D4F14B8DDD80B /* liberica_coffee_beans_square.png */; };
		DCB8F30C97D64E09B194082B /* macchiato_pic_1_portrait.png in Resources */ = {isa = PBXBuildFile; fileRef = DF74E5C2A0554464A62CD832 /* macchiato_pic_1_portrait.png */; };
		DA1BB1AC35EE42C3A894703D /* macchiato_pic_2_portrait.png in Resources */ = {isa = PBXBuildFile; fileRef = AC370E55F465432380087410 /* macchiato_pic_2_portrait.png */; };
		201539C99A80440FBCA9DE63 /* macchiato_pic_3_portrait.png in Resources */ = {isa = PBXBuildFile; fileRef = 38CDC4B5ACC544F19C88E530 /* macchiato_pic_3_portrait.png */; };
		0B75FB8E8EDE457691ED3B25 /* macchiato_pic_1_square.png in Resources */ = {isa = PBXBuildFile; fileRef = 980F939912A74D6A91148C03 /* macchiato_pic_1_square.png */; };
		9A06C30A61A5429CA89641DC /* macchiato_pic_2_square.png in Resources */ = {isa = PBXBuildFile; fileRef = 7DB24BD97AFF4076B0B09D32 /* macchiato_pic_2_square.png */; };
		75E95FA844EC409DB5022C49 /* macchiato_pic_3_square.png in Resources */ = {isa = PBXBuildFile; fileRef = 35BFA981AE144B9AA4C2EF13 /* macchiato_pic_3_square.png */; };
		3706673CF2A1457F96042E19 /* robusta_coffee_beans_portrait.png in Resources */ = {isa = PBXBuildFile; fileRef = F3DBAE68686A4CF186417D0B /* robusta_coffee_beans_portrait.png */; };
		D9BC3C02774E4043AAC03B81 /* robusta_coffee_beans_square.png in Resources */ = {isa = PBXBuildFile; fileRef = 769371110B8B454CB83CE855 /* robusta_coffee_beans_square.png */; };
/* End PBXBuildFile section */

/* Begin PBXContainerItemProxy section */
		00E356F41AD99517003FC87E /* PBXContainerItemProxy */ = {
			isa = PBXContainerItemProxy;
			containerPortal = 83CBB9F71A601CBA00E9B192 /* Project object */;
			proxyType = 1;
			remoteGlobalIDString = 13B07F861A680F5B00A75B9A;
			remoteInfo = Coffee_Shop_App;
		};
/* End PBXContainerItemProxy section */

/* Begin PBXFileReference section */
		00E356EE1AD99517003FC87E /* Coffee_Shop_AppTests.xctest */ = {isa = PBXFileReference; explicitFileType = wrapper.cfbundle; includeInIndex = 0; path = Coffee_Shop_AppTests.xctest; sourceTree = BUILT_PRODUCTS_DIR; };
		00E356F11AD99517003FC87E /* Info.plist */ = {isa = PBXFileReference; lastKnownFileType = text.plist.xml; path = Info.plist; sourceTree = "<group>"; };
		00E356F21AD99517003FC87E /* Coffee_Shop_AppTests.m */ = {isa = PBXFileReference; lastKnownFileType = sourcecode.c.objc; path = Coffee_Shop_AppTests.m; sourceTree = "<group>"; };
		13B07F961A680F5B00A75B9A /* Coffee_Shop_App.app */ = {isa = PBXFileReference; explicitFileType = wrapper.application; includeInIndex = 0; path = Coffee_Shop_App.app; sourceTree = BUILT_PRODUCTS_DIR; };
		13B07FAF1A68108700A75B9A /* AppDelegate.h */ = {isa = PBXFileReference; fileEncoding = 4; lastKnownFileType = sourcecode.c.h; name = AppDelegate.h; path = Coffee_Shop_App/AppDelegate.h; sourceTree = "<group>"; };
		13B07FB01A68108700A75B9A /* AppDelegate.mm */ = {isa = PBXFileReference; fileEncoding = 4; lastKnownFileType = sourcecode.cpp.objcpp; name = AppDelegate.mm; path = Coffee_Shop_App/AppDelegate.mm; sourceTree = "<group>"; };
		13B07FB51A68108700A75B9A /* Images.xcassets */ = {isa = PBXFileReference; lastKnownFileType = folder.assetcatalog; name = Images.xcassets; path = Coffee_Shop_App/Images.xcassets; sourceTree = "<group>"; };
		13B07FB61A68108700A75B9A /* Info.plist */ = {isa = PBXFileReference; fileEncoding = 4; lastKnownFileType = text.plist.xml; name = Info.plist; path = Coffee_Shop_App/Info.plist; sourceTree = "<group>"; };
		13B07FB71A68108700A75B9A /* main.m */ = {isa = PBXFileReference; fileEncoding = 4; lastKnownFileType = sourcecode.c.objc; name = main.m; path = Coffee_Shop_App/main.m; sourceTree = "<group>"; };
		19F6CBCC0A4E27FBF8BF4A61 /* libPods-Coffee_Shop_App-Coffee_Shop_AppTests.a */ = {isa = PBXFileReference; explicitFileType = archive.ar; includeInIndex = 0; path = "libPods-Coffee_Shop_App-Coffee_Shop_AppTests.a"; sourceTree = BUILT_PRODUCTS_DIR; };
		3B4392A12AC88292D35C810B /* Pods-Coffee_Shop_App.debug.xcconfig */ = {isa = PBXFileReference; includeInIndex = 1; lastKnownFileType = text.xcconfig; name = "Pods-Coffee_Shop_App.debug.xcconfig"; path = "Target Support Files/Pods-Coffee_Shop_App/Pods-Coffee_Shop_App.debug.xcconfig"; sourceTree = "<group>"; };
		5709B34CF0A7D63546082F79 /* Pods-Coffee_Shop_App.release.xcconfig */ = {isa = PBXFileReference; includeInIndex = 1; lastKnownFileType = text.xcconfig; name = "Pods-Coffee_Shop_App.release.xcconfig"; path = "Target Support Files/Pods-Coffee_Shop_App/Pods-Coffee_Shop_App.release.xcconfig"; sourceTree = "<group>"; };
		5B7EB9410499542E8C5724F5 /* Pods-Coffee_Shop_App-Coffee_Shop_AppTests.debug.xcconfig */ = {isa = PBXFileReference; includeInIndex = 1; lastKnownFileType = text.xcconfig; name = "Pods-Coffee_Shop_App-Coffee_Shop_AppTests.debug.xcconfig"; path = "Target Support Files/Pods-Coffee_Shop_App-Coffee_Shop_AppTests/Pods-Coffee_Shop_App-Coffee_Shop_AppTests.debug.xcconfig"; sourceTree = "<group>"; };
		5DCACB8F33CDC322A6C60F78 /* libPods-Coffee_Shop_App.a */ = {isa = PBXFileReference; explicitFileType = archive.ar; includeInIndex = 0; path = "libPods-Coffee_Shop_App.a"; sourceTree = BUILT_PRODUCTS_DIR; };
		81AB9BB72411601600AC10FF /* LaunchScreen.storyboard */ = {isa = PBXFileReference; fileEncoding = 4; lastKnownFileType = file.storyboard; name = LaunchScreen.storyboard; path = Coffee_Shop_App/LaunchScreen.storyboard; sourceTree = "<group>"; };
		89C6BE57DB24E9ADA2F236DE /* Pods-Coffee_Shop_App-Coffee_Shop_AppTests.release.xcconfig */ = {isa = PBXFileReference; includeInIndex = 1; lastKnownFileType = text.xcconfig; name = "Pods-Coffee_Shop_App-Coffee_Shop_AppTests.release.xcconfig"; path = "Target Support Files/Pods-Coffee_Shop_App-Coffee_Shop_AppTests/Pods-Coffee_Shop_App-Coffee_Shop_AppTests.release.xcconfig"; sourceTree = "<group>"; };
		ED297162215061F000B7C4FE /* JavaScriptCore.framework */ = {isa = PBXFileReference; lastKnownFileType = wrapper.framework; name = JavaScriptCore.framework; path = System/Library/Frameworks/JavaScriptCore.framework; sourceTree = SDKROOT; };
		399C70E451A548498E8062E0 /* app_icons.ttf */ = {isa = PBXFileReference; name = "app_icons.ttf"; path = "../src/assets/fonts/app_icons.ttf"; sourceTree = "<group>"; fileEncoding = undefined; lastKnownFileType = unknown; explicitFileType = undefined; includeInIndex = 0; };
		BC18309F499841BE9679BCFE /* Poppins-Black.ttf */ = {isa = PBXFileReference; name = "Poppins-Black.ttf"; path = "../src/assets/fonts/Poppins-Black.ttf"; sourceTree = "<group>"; fileEncoding = undefined; lastKnownFileType = unknown; explicitFileType = undefined; includeInIndex = 0; };
		C677F04D2DDD4BFCAC2CA90B /* Poppins-Bold.ttf */ = {isa = PBXFileReference; name = "Poppins-Bold.ttf"; path = "../src/assets/fonts/Poppins-Bold.ttf"; sourceTree = "<group>"; fileEncoding = undefined; lastKnownFileType = unknown; explicitFileType = undefined; includeInIndex = 0; };
		76F6C5F658EF489CB8C8CF56 /* Poppins-ExtraBold.ttf */ = {isa = PBXFileReference; name = "Poppins-ExtraBold.ttf"; path = "../src/assets/fonts/Poppins-ExtraBold.ttf"; sourceTree = "<group>"; fileEncoding = undefined; lastKnownFileType = unknown; explicitFileType = undefined; includeInIndex = 0; };
		BFAAD5878D43498CAE7B7868 /* Poppins-ExtraLight.ttf */ = {isa = PBXFileReference; name = "Poppins-ExtraLight.ttf"; path = "../src/assets/fonts/Poppins-ExtraLight.ttf"; sourceTree = "<group>"; fileEncoding = undefined; lastKnownFileType = unknown; explicitFileType = undefined; includeInIndex = 0; };
		3DD2B57254A24264BA5014EC /* Poppins-Light.ttf */ = {isa = PBXFileReference; name = "Poppins-Light.ttf"; path = "../src/assets/fonts/Poppins-Light.ttf"; sourceTree = "<group>"; fileEncoding = undefined; lastKnownFileType = unknown; explicitFileType = undefined; includeInIndex = 0; };
		1F0760370C1044768D13B4BA /* Poppins-Medium.ttf */ = {isa = PBXFileReference; name = "Poppins-Medium.ttf"; path = "../src/assets/fonts/Poppins-Medium.ttf"; sourceTree = "<group>"; fileEncoding = undefined; lastKnownFileType = unknown; explicitFileType = undefined; includeInIndex = 0; };
		ED195710217B4784B03A80EA /* Poppins-Regular.ttf */ = {isa = PBXFileReference; name = "Poppins-Regular.ttf"; path = "../src/assets/fonts/Poppins-Regular.ttf"; sourceTree = "<group>"; fileEncoding = undefined; lastKnownFileType = unknown; explicitFileType = undefined; includeInIndex = 0; };
		2114738A1C2F48FF8C70226A /* Poppins-SemiBold.ttf */ = {isa = PBXFileReference; name = "Poppins-SemiBold.ttf"; path = "../src/assets/fonts/Poppins-SemiBold.ttf"; sourceTree = "<group>"; fileEncoding = undefined; lastKnownFileType = unknown; explicitFileType = undefined; includeInIndex = 0; };
		E571C519DFC94906AF1EFF68 /* Poppins-Thin.ttf */ = {isa = PBXFileReference; name = "Poppins-Thin.ttf"; path = "../src/assets/fonts/Poppins-Thin.ttf"; sourceTree = "<group>"; fileEncoding = undefined; lastKnownFileType = unknown; explicitFileType = undefined; includeInIndex = 0; };
		CC9CFC39FC9840E78851C111 /* amazonpay.png */ = {isa = PBXFileReference; name = "amazonpay.png"; path = "../src/assets/app_images/amazonpay.png"; sourceTree = "<group>"; fileEncoding = undefined; lastKnownFileType = unknown; explicitFileType = undefined; includeInIndex = 0; };
		401624333F5D4EEA9EC551EE /* applepay.png */ = {isa = PBXFileReference; name = "applepay.png"; path = "../src/assets/app_images/applepay.png"; sourceTree = "<group>"; fileEncoding = undefined; lastKnownFileType = unknown; explicitFileType = undefined; includeInIndex = 0; };
		BD2E547353B441A18423A693 /* avatar.png */ = {isa = PBXFileReference; name = "avatar.png"; path = "../src/assets/app_images/avatar.png"; sourceTree = "<group>"; fileEncoding = undefined; lastKnownFileType = unknown; explicitFileType = undefined; includeInIndex = 0; };
		3012BFD5A8EB4B8B8594493D /* gpay.png */ = {isa = PBXFileReference; name = "gpay.png"; path = "../src/assets/app_images/gpay.png"; sourceTree = "<group>"; fileEncoding = undefined; lastKnownFileType = unknown; explicitFileType = undefined; includeInIndex = 0; };
		CCFEA1CAC9134E62A04FF7E6 /* americano_pic_1_portrait.png */ = {isa = PBXFileReference; name = "americano_pic_1_portrait.png"; path = "../src/assets/coffee_assets/americano/portrait/americano_pic_1_portrait.png"; sourceTree = "<group>"; fileEncoding = undefined; lastKnownFileType = unknown; explicitFileType = undefined; includeInIndex = 0; };
		B604D193360D40CB83333E79 /* americano_pic_2_portrait.png */ = {isa = PBXFileReference; name = "americano_pic_2_portrait.png"; path = "../src/assets/coffee_assets/americano/portrait/americano_pic_2_portrait.png"; sourceTree = "<group>"; fileEncoding = undefined; lastKnownFileType = unknown; explicitFileType = undefined; includeInIndex = 0; };
		DE27992A73614D12B69ABB76 /* americano_pic_3_portrait.png */ = {isa = PBXFileReference; name = "americano_pic_3_portrait.png"; path = "../src/assets/coffee_assets/americano/portrait/americano_pic_3_portrait.png"; sourceTree = "<group>"; fileEncoding = undefined; lastKnownFileType = unknown; explicitFileType = undefined; includeInIndex = 0; };
		F11936952C974764A51A8C37 /* americano_pic_1_square.png */ = {isa = PBXFileReference; name = "americano_pic_1_square.png"; path = "../src/assets/coffee_assets/americano/square/americano_pic_1_square.png"; sourceTree = "<group>"; fileEncoding = undefined; lastKnownFileType = unknown; explicitFileType = undefined; includeInIndex = 0; };
		140F48FA322148C2928FD036 /* americano_pic_2_square.png */ = {isa = PBXFileReference; name = "americano_pic_2_square.png"; path = "../src/assets/coffee_assets/americano/square/americano_pic_2_square.png"; sourceTree = "<group>"; fileEncoding = undefined; lastKnownFileType = unknown; explicitFileType = undefined; includeInIndex = 0; };
		666705203AF74F5590D0F498 /* americano_pic_3_square.png */ = {isa = PBXFileReference; name = "americano_pic_3_square.png"; path = "../src/assets/coffee_assets/americano/square/americano_pic_3_square.png"; sourceTree = "<group>"; fileEncoding = undefined; lastKnownFileType = unknown; explicitFileType = undefined; includeInIndex = 0; };
		1B67907B3C56422388F2371B /* arabica_coffee_beans_portrait.png */ = {isa = PBXFileReference; name = "arabica_coffee_beans_portrait.png"; path = "../src/assets/coffee_assets/arabica_coffee_beans/arabica_coffee_beans_portrait.png"; sourceTree = "<group>"; fileEncoding = undefined; lastKnownFileType = unknown; explicitFileType = undefined; includeInIndex = 0; };
		C9B7327457CF48A7B908005C /* arabica_coffee_beans_square.png */ = {isa = PBXFileReference; name = "arabica_coffee_beans_square.png"; path = "../src/assets/coffee_assets/arabica_coffee_beans/arabica_coffee_beans_square.png"; sourceTree = "<group>"; fileEncoding = undefined; lastKnownFileType = unknown; explicitFileType = undefined; includeInIndex = 0; };
		959E49E7317E46379E96753D /* black_coffee_pic_1_portrait.png */ = {isa = PBXFileReference; name = "black_coffee_pic_1_portrait.png"; path = "../src/assets/coffee_assets/black_coffee/portrait/black_coffee_pic_1_portrait.png"; sourceTree = "<group>"; fileEncoding = undefined; lastKnownFileType = unknown; explicitFileType = undefined; includeInIndex = 0; };
		EDD5413E77F34DE094E197C1 /* black_coffee_pic_2_portrait.png */ = {isa = PBXFileReference; name = "black_coffee_pic_2_portrait.png"; path = "../src/assets/coffee_assets/black_coffee/portrait/black_coffee_pic_2_portrait.png"; sourceTree = "<group>"; fileEncoding = undefined; lastKnownFileType = unknown; explicitFileType = undefined; includeInIndex = 0; };
		DB5878340E67445E977EFEA8 /* black_coffee_pic_3_portrait.png */ = {isa = PBXFileReference; name = "black_coffee_pic_3_portrait.png"; path = "../src/assets/coffee_assets/black_coffee/portrait/black_coffee_pic_3_portrait.png"; sourceTree = "<group>"; fileEncoding = undefined; lastKnownFileType = unknown; explicitFileType = undefined; includeInIndex = 0; };
		7B6345064DA6462E832EE0B6 /* black_coffee_pic_1_square.png */ = {isa = PBXFileReference; name = "black_coffee_pic_1_square.png"; path = "../src/assets/coffee_assets/black_coffee/square/black_coffee_pic_1_square.png"; sourceTree = "<group>"; fileEncoding = undefined; lastKnownFileType = unknown; explicitFileType = undefined; includeInIndex = 0; };
		93B252FBC8A9493994338509 /* black_coffee_pic_2_square.png */ = {isa = PBXFileReference; name = "black_coffee_pic_2_square.png"; path = "../src/assets/coffee_assets/black_coffee/square/black_coffee_pic_2_square.png"; sourceTree = "<group>"; fileEncoding = undefined; lastKnownFileType = unknown; explicitFileType = undefined; includeInIndex = 0; };
		6DED2259910E4C16931254CD /* black_coffee_pic_3_square.png */ = {isa = PBXFileReference; name = "black_coffee_pic_3_square.png"; path = "../src/assets/coffee_assets/black_coffee/square/black_coffee_pic_3_square.png"; sourceTree = "<group>"; fileEncoding = undefined; lastKnownFileType = unknown; explicitFileType = undefined; includeInIndex = 0; };
		ADC17974652548DEB1E349D2 /* cappuccino_pic_1_portrait.png */ = {isa = PBXFileReference; name = "cappuccino_pic_1_portrait.png"; path = "../src/assets/coffee_assets/cappuccino/portrait/cappuccino_pic_1_portrait.png"; sourceTree = "<group>"; fileEncoding = undefined; lastKnownFileType = unknown; explicitFileType = undefined; includeInIndex = 0; };
		329FC0E3A4424D588A3C3C58 /* cappuccino_pic_2_portrait.png */ = {isa = PBXFileReference; name = "cappuccino_pic_2_portrait.png"; path = "../src/assets/coffee_assets/cappuccino/portrait/cappuccino_pic_2_portrait.png"; sourceTree = "<group>"; fileEncoding = undefined; lastKnownFileType = unknown; explicitFileType = undefined; includeInIndex = 0; };
		F98B368EED024A64B8108794 /* cappuccino_pic_3_portrait.png */ = {isa = PBXFileReference; name = "cappuccino_pic_3_portrait.png"; path = "../src/assets/coffee_assets/cappuccino/portrait/cappuccino_pic_3_portrait.png"; sourceTree = "<group>"; fileEncoding = undefined; lastKnownFileType = unknown; explicitFileType = undefined; includeInIndex = 0; };
		0C188689632F4B5587A79F61 /* cappuccino_pic_1_square.png */ = {isa = PBXFileReference; name = "cappuccino_pic_1_square.png"; path = "../src/assets/coffee_assets/cappuccino/square/cappuccino_pic_1_square.png"; sourceTree = "<group>"; fileEncoding = undefined; lastKnownFileType = unknown; explicitFileType = undefined; includeInIndex = 0; };
		CD1DEE1EA2D647098B19E6E1 /* cappuccino_pic_2_square.png */ = {isa = PBXFileReference; name = "cappuccino_pic_2_square.png"; path = "../src/assets/coffee_assets/cappuccino/square/cappuccino_pic_2_square.png"; sourceTree = "<group>"; fileEncoding = undefined; lastKnownFileType = unknown; explicitFileType = undefined; includeInIndex = 0; };
		939771B0AB354563A71DA0F7 /* cappuccino_pic_3_square.png */ = {isa = PBXFileReference; name = "cappuccino_pic_3_square.png"; path = "../src/assets/coffee_assets/cappuccino/square/cappuccino_pic_3_square.png"; sourceTree = "<group>"; fileEncoding = undefined; lastKnownFileType = unknown; explicitFileType = undefined; includeInIndex = 0; };
		AD7D8F915B9E4438A3542EC2 /* espresso_pic_1_portrait.png */ = {isa = PBXFileReference; name = "espresso_pic_1_portrait.png"; path = "../src/assets/coffee_assets/espresso/portrait/espresso_pic_1_portrait.png"; sourceTree = "<group>"; fileEncoding = undefined; lastKnownFileType = unknown; explicitFileType = undefined; includeInIndex = 0; };
		92AF189C41FF4643813E8EA2 /* espresso_pic_2_portrait.png */ = {isa = PBXFileReference; name = "espresso_pic_2_portrait.png"; path = "../src/assets/coffee_assets/espresso/portrait/espresso_pic_2_portrait.png"; sourceTree = "<group>"; fileEncoding = undefined; lastKnownFileType = unknown; explicitFileType = undefined; includeInIndex = 0; };
		1C21B1ADC4164D40A4F20675 /* espresso_pic_3_portrait.png */ = {isa = PBXFileReference; name = "espresso_pic_3_portrait.png"; path = "../src/assets/coffee_assets/espresso/portrait/espresso_pic_3_portrait.png"; sourceTree = "<group>"; fileEncoding = undefined; lastKnownFileType = unknown; explicitFileType = undefined; includeInIndex = 0; };
		D6077B1E82EA491B80009B50 /* espresso_pic_1_square.png */ = {isa = PBXFileReference; name = "espresso_pic_1_square.png"; path = "../src/assets/coffee_assets/espresso/square/espresso_pic_1_square.png"; sourceTree = "<group>"; fileEncoding = undefined; lastKnownFileType = unknown; explicitFileType = undefined; includeInIndex = 0; };
		3F7B1CEEEBE34F4D90C9FA04 /* espresso_pic_2_square.png */ = {isa = PBXFileReference; name = "espresso_pic_2_square.png"; path = "../src/assets/coffee_assets/espresso/square/espresso_pic_2_square.png"; sourceTree = "<group>"; fileEncoding = undefined; lastKnownFileType = unknown; explicitFileType = undefined; includeInIndex = 0; };
		5F2F1BFFA38D4B03823CB831 /* espresso_pic_3_square.png */ = {isa = PBXFileReference; name = "espresso_pic_3_square.png"; path = "../src/assets/coffee_assets/espresso/square/espresso_pic_3_square.png"; sourceTree = "<group>"; fileEncoding = undefined; lastKnownFileType = unknown; explicitFileType = undefined; includeInIndex = 0; };
		DFBE72196E0849DEA55F4CBA /* excelsa_coffee_beans_portrait.png */ = {isa = PBXFileReference; name = "excelsa_coffee_beans_portrait.png"; path = "../src/assets/coffee_assets/excelsa_coffee_beans/excelsa_coffee_beans_portrait.png"; sourceTree = "<group>"; fileEncoding = undefined; lastKnownFileType = unknown; explicitFileType = undefined; includeInIndex = 0; };
		7B7811CBE72B42869C5CEF52 /* excelsa_coffee_beans_square.png */ = {isa = PBXFileReference; name = "excelsa_coffee_beans_square.png"; path = "../src/assets/coffee_assets/excelsa_coffee_beans/excelsa_coffee_beans_square.png"; sourceTree = "<group>"; fileEncoding = undefined; lastKnownFileType = unknown; explicitFileType = undefined; includeInIndex = 0; };
		DE1901794F454B6B886F3AE3 /* latte_pic_1_portrait.png */ = {isa = PBXFileReference; name = "latte_pic_1_portrait.png"; path = "../src/assets/coffee_assets/latte/portrait/latte_pic_1_portrait.png"; sourceTree = "<group>"; fileEncoding = undefined; lastKnownFileType = unknown; explicitFileType = undefined; includeInIndex = 0; };
		C813C88BFCE34A73B1855F15 /* latte_pic_2_portrait.png */ = {isa = PBXFileReference; name = "latte_pic_2_portrait.png"; path = "../src/assets/coffee_assets/latte/portrait/latte_pic_2_portrait.png"; sourceTree = "<group>"; fileEncoding = undefined; lastKnownFileType = unknown; explicitFileType = undefined; includeInIndex = 0; };
		E35B16A1E30240C8B7F4F68A /* latte_pic_3_portrait.png */ = {isa = PBXFileReference; name = "latte_pic_3_portrait.png"; path = "../src/assets/coffee_assets/latte/portrait/latte_pic_3_portrait.png"; sourceTree = "<group>"; fileEncoding = undefined; lastKnownFileType = unknown; explicitFileType = undefined; includeInIndex = 0; };
		57199F1770B34E5795FC4F77 /* latte_pic_1_square.png */ = {isa = PBXFileReference; name = "latte_pic_1_square.png"; path = "../src/assets/coffee_assets/latte/square/latte_pic_1_square.png"; sourceTree = "<group>"; fileEncoding = undefined; lastKnownFileType = unknown; explicitFileType = undefined; includeInIndex = 0; };
		03EDEFF4C0064625A7EDCE68 /* latte_pic_2_square.png */ = {isa = PBXFileReference; name = "latte_pic_2_square.png"; path = "../src/assets/coffee_assets/latte/square/latte_pic_2_square.png"; sourceTree = "<group>"; fileEncoding = undefined; lastKnownFileType = unknown; explicitFileType = undefined; includeInIndex = 0; };
		4A41C427B55F46C791027FB9 /* latte_pic_3_square.png */ = {isa = PBXFileReference; name = "latte_pic_3_square.png"; path = "../src/assets/coffee_assets/latte/square/latte_pic_3_square.png"; sourceTree = "<group>"; fileEncoding = undefined; lastKnownFileType = unknown; explicitFileType = undefined; includeInIndex = 0; };
		431BC2D4E771434E869EE3FD /* liberica_coffee_beans_portrait.png */ = {isa = PBXFileReference; name = "liberica_coffee_beans_portrait.png"; path = "../src/assets/coffee_assets/liberica_coffee_beans/liberica_coffee_beans_portrait.png"; sourceTree = "<group>"; fileEncoding = undefined; lastKnownFileType = unknown; explicitFileType = undefined; includeInIndex = 0; };
		0111F417351D4F14B8DDD80B /* liberica_coffee_beans_square.png */ = {isa = PBXFileReference; name = "liberica_coffee_beans_square.png"; path = "../src/assets/coffee_assets/liberica_coffee_beans/liberica_coffee_beans_square.png"; sourceTree = "<group>"; fileEncoding = undefined; lastKnownFileType = unknown; explicitFileType = undefined; includeInIndex = 0; };
		DF74E5C2A0554464A62CD832 /* macchiato_pic_1_portrait.png */ = {isa = PBXFileReference; name = "macchiato_pic_1_portrait.png"; path = "../src/assets/coffee_assets/macchiato/portrait/macchiato_pic_1_portrait.png"; sourceTree = "<group>"; fileEncoding = undefined; lastKnownFileType = unknown; explicitFileType = undefined; includeInIndex = 0; };
		AC370E55F465432380087410 /* macchiato_pic_2_portrait.png */ = {isa = PBXFileReference; name = "macchiato_pic_2_portrait.png"; path = "../src/assets/coffee_assets/macchiato/portrait/macchiato_pic_2_portrait.png"; sourceTree = "<group>"; fileEncoding = undefined; lastKnownFileType = unknown; explicitFileType = undefined; includeInIndex = 0; };
		38CDC4B5ACC544F19C88E530 /* macchiato_pic_3_portrait.png */ = {isa = PBXFileReference; name = "macchiato_pic_3_portrait.png"; path = "../src/assets/coffee_assets/macchiato/portrait/macchiato_pic_3_portrait.png"; sourceTree = "<group>"; fileEncoding = undefined; lastKnownFileType = unknown; explicitFileType = undefined; includeInIndex = 0; };
		980F939912A74D6A91148C03 /* macchiato_pic_1_square.png */ = {isa = PBXFileReference; name = "macchiato_pic_1_square.png"; path = "../src/assets/coffee_assets/macchiato/square/macchiato_pic_1_square.png"; sourceTree = "<group>"; fileEncoding = undefined; lastKnownFileType = unknown; explicitFileType = undefined; includeInIndex = 0; };
		7DB24BD97AFF4076B0B09D32 /* macchiato_pic_2_square.png */ = {isa = PBXFileReference; name = "macchiato_pic_2_square.png"; path = "../src/assets/coffee_assets/macchiato/square/macchiato_pic_2_square.png"; sourceTree = "<group>"; fileEncoding = undefined; lastKnownFileType = unknown; explicitFileType = undefined; includeInIndex = 0; };
		35BFA981AE144B9AA4C2EF13 /* macchiato_pic_3_square.png */ = {isa = PBXFileReference; name = "macchiato_pic_3_square.png"; path = "../src/assets/coffee_assets/macchiato/square/macchiato_pic_3_square.png"; sourceTree = "<group>"; fileEncoding = undefined; lastKnownFileType = unknown; explicitFileType = undefined; includeInIndex = 0; };
		F3DBAE68686A4CF186417D0B /* robusta_coffee_beans_portrait.png */ = {isa = PBXFileReference; name = "robusta_coffee_beans_portrait.png"; path = "../src/assets/coffee_assets/robusta_coffee_beans/robusta_coffee_beans_portrait.png"; sourceTree = "<group>"; fileEncoding = undefined; lastKnownFileType = unknown; explicitFileType = undefined; includeInIndex = 0; };
		769371110B8B454CB83CE855 /* robusta_coffee_beans_square.png */ = {isa = PBXFileReference; name = "robusta_coffee_beans_square.png"; path = "../src/assets/coffee_assets/robusta_coffee_beans/robusta_coffee_beans_square.png"; sourceTree = "<group>"; fileEncoding = undefined; lastKnownFileType = unknown; explicitFileType = undefined; includeInIndex = 0; };
/* End PBXFileReference section */

/* Begin PBXFrameworksBuildPhase section */
		00E356EB1AD99517003FC87E /* Frameworks */ = {
			isa = PBXFrameworksBuildPhase;
			buildActionMask = 2147483647;
			files = (
				7699B88040F8A987B510C191 /* libPods-Coffee_Shop_App-Coffee_Shop_AppTests.a in Frameworks */,
			);
			runOnlyForDeploymentPostprocessing = 0;
		};
		13B07F8C1A680F5B00A75B9A /* Frameworks */ = {
			isa = PBXFrameworksBuildPhase;
			buildActionMask = 2147483647;
			files = (
				0C80B921A6F3F58F76C31292 /* libPods-Coffee_Shop_App.a in Frameworks */,
			);
			runOnlyForDeploymentPostprocessing = 0;
		};
/* End PBXFrameworksBuildPhase section */

/* Begin PBXGroup section */
		00E356EF1AD99517003FC87E /* Coffee_Shop_AppTests */ = {
			isa = PBXGroup;
			children = (
				00E356F21AD99517003FC87E /* Coffee_Shop_AppTests.m */,
				00E356F01AD99517003FC87E /* Supporting Files */,
			);
			path = Coffee_Shop_AppTests;
			sourceTree = "<group>";
		};
		00E356F01AD99517003FC87E /* Supporting Files */ = {
			isa = PBXGroup;
			children = (
				00E356F11AD99517003FC87E /* Info.plist */,
			);
			name = "Supporting Files";
			sourceTree = "<group>";
		};
		13B07FAE1A68108700A75B9A /* Coffee_Shop_App */ = {
			isa = PBXGroup;
			children = (
				13B07FAF1A68108700A75B9A /* AppDelegate.h */,
				13B07FB01A68108700A75B9A /* AppDelegate.mm */,
				13B07FB51A68108700A75B9A /* Images.xcassets */,
				13B07FB61A68108700A75B9A /* Info.plist */,
				81AB9BB72411601600AC10FF /* LaunchScreen.storyboard */,
				13B07FB71A68108700A75B9A /* main.m */,
			);
			name = Coffee_Shop_App;
			sourceTree = "<group>";
		};
		2D16E6871FA4F8E400B85C8A /* Frameworks */ = {
			isa = PBXGroup;
			children = (
				ED297162215061F000B7C4FE /* JavaScriptCore.framework */,
				5DCACB8F33CDC322A6C60F78 /* libPods-Coffee_Shop_App.a */,
				19F6CBCC0A4E27FBF8BF4A61 /* libPods-Coffee_Shop_App-Coffee_Shop_AppTests.a */,
			);
			name = Frameworks;
			sourceTree = "<group>";
		};
		832341AE1AAA6A7D00B99B32 /* Libraries */ = {
			isa = PBXGroup;
			children = (
			);
			name = Libraries;
			sourceTree = "<group>";
		};
		83CBB9F61A601CBA00E9B192 = {
			isa = PBXGroup;
			children = (
				13B07FAE1A68108700A75B9A /* Coffee_Shop_App */,
				832341AE1AAA6A7D00B99B32 /* Libraries */,
				00E356EF1AD99517003FC87E /* Coffee_Shop_AppTests */,
				83CBBA001A601CBA00E9B192 /* Products */,
				2D16E6871FA4F8E400B85C8A /* Frameworks */,
				BBD78D7AC51CEA395F1C20DB /* Pods */,
				77E58D1851504845BF59512B /* Resources */,
			);
			indentWidth = 2;
			sourceTree = "<group>";
			tabWidth = 2;
			usesTabs = 0;
		};
		83CBBA001A601CBA00E9B192 /* Products */ = {
			isa = PBXGroup;
			children = (
				13B07F961A680F5B00A75B9A /* Coffee_Shop_App.app */,
				00E356EE1AD99517003FC87E /* Coffee_Shop_AppTests.xctest */,
			);
			name = Products;
			sourceTree = "<group>";
		};
		BBD78D7AC51CEA395F1C20DB /* Pods */ = {
			isa = PBXGroup;
			children = (
				3B4392A12AC88292D35C810B /* Pods-Coffee_Shop_App.debug.xcconfig */,
				5709B34CF0A7D63546082F79 /* Pods-Coffee_Shop_App.release.xcconfig */,
				5B7EB9410499542E8C5724F5 /* Pods-Coffee_Shop_App-Coffee_Shop_AppTests.debug.xcconfig */,
				89C6BE57DB24E9ADA2F236DE /* Pods-Coffee_Shop_App-Coffee_Shop_AppTests.release.xcconfig */,
			);
			path = Pods;
			sourceTree = "<group>";
		};
		77E58D1851504845BF59512B /* Resources */ = {
			isa = "PBXGroup";
			children = (
				399C70E451A548498E8062E0 /* app_icons.ttf */,
				BC18309F499841BE9679BCFE /* Poppins-Black.ttf */,
				C677F04D2DDD4BFCAC2CA90B /* Poppins-Bold.ttf */,
				76F6C5F658EF489CB8C8CF56 /* Poppins-ExtraBold.ttf */,
				BFAAD5878D43498CAE7B7868 /* Poppins-ExtraLight.ttf */,
				3DD2B57254A24264BA5014EC /* Poppins-Light.ttf */,
				1F0760370C1044768D13B4BA /* Poppins-Medium.ttf */,
				ED195710217B4784B03A80EA /* Poppins-Regular.ttf */,
				2114738A1C2F48FF8C70226A /* Poppins-SemiBold.ttf */,
				E571C519DFC94906AF1EFF68 /* Poppins-Thin.ttf */,
				CC9CFC39FC9840E78851C111 /* amazonpay.png */,
				401624333F5D4EEA9EC551EE /* applepay.png */,
				BD2E547353B441A18423A693 /* avatar.png */,
				3012BFD5A8EB4B8B8594493D /* gpay.png */,
				CCFEA1CAC9134E62A04FF7E6 /* americano_pic_1_portrait.png */,
				B604D193360D40CB83333E79 /* americano_pic_2_portrait.png */,
				DE27992A73614D12B69ABB76 /* americano_pic_3_portrait.png */,
				F11936952C974764A51A8C37 /* americano_pic_1_square.png */,
				140F48FA322148C2928FD036 /* americano_pic_2_square.png */,
				666705203AF74F5590D0F498 /* americano_pic_3_square.png */,
				1B67907B3C56422388F2371B /* arabica_coffee_beans_portrait.png */,
				C9B7327457CF48A7B908005C /* arabica_coffee_beans_square.png */,
				959E49E7317E46379E96753D /* black_coffee_pic_1_portrait.png */,
				EDD5413E77F34DE094E197C1 /* black_coffee_pic_2_portrait.png */,
				DB5878340E67445E977EFEA8 /* black_coffee_pic_3_portrait.png */,
				7B6345064DA6462E832EE0B6 /* black_coffee_pic_1_square.png */,
				93B252FBC8A9493994338509 /* black_coffee_pic_2_square.png */,
				6DED2259910E4C16931254CD /* black_coffee_pic_3_square.png */,
				ADC17974652548DEB1E349D2 /* cappuccino_pic_1_portrait.png */,
				329FC0E3A4424D588A3C3C58 /* cappuccino_pic_2_portrait.png */,
				F98B368EED024A64B8108794 /* cappuccino_pic_3_portrait.png */,
				0C188689632F4B5587A79F61 /* cappuccino_pic_1_square.png */,
				CD1DEE1EA2D647098B19E6E1 /* cappuccino_pic_2_square.png */,
				939771B0AB354563A71DA0F7 /* cappuccino_pic_3_square.png */,
				AD7D8F915B9E4438A3542EC2 /* espresso_pic_1_portrait.png */,
				92AF189C41FF4643813E8EA2 /* espresso_pic_2_portrait.png */,
				1C21B1ADC4164D40A4F20675 /* espresso_pic_3_portrait.png */,
				D6077B1E82EA491B80009B50 /* espresso_pic_1_square.png */,
				3F7B1CEEEBE34F4D90C9FA04 /* espresso_pic_2_square.png */,
				5F2F1BFFA38D4B03823CB831 /* espresso_pic_3_square.png */,
				DFBE72196E0849DEA55F4CBA /* excelsa_coffee_beans_portrait.png */,
				7B7811CBE72B42869C5CEF52 /* excelsa_coffee_beans_square.png */,
				DE1901794F454B6B886F3AE3 /* latte_pic_1_portrait.png */,
				C813C88BFCE34A73B1855F15 /* latte_pic_2_portrait.png */,
				E35B16A1E30240C8B7F4F68A /* latte_pic_3_portrait.png */,
				57199F1770B34E5795FC4F77 /* latte_pic_1_square.png */,
				03EDEFF4C0064625A7EDCE68 /* latte_pic_2_square.png */,
				4A41C427B55F46C791027FB9 /* latte_pic_3_square.png */,
				431BC2D4E771434E869EE3FD /* liberica_coffee_beans_portrait.png */,
				0111F417351D4F14B8DDD80B /* liberica_coffee_beans_square.png */,
				DF74E5C2A0554464A62CD832 /* macchiato_pic_1_portrait.png */,
				AC370E55F465432380087410 /* macchiato_pic_2_portrait.png */,
				38CDC4B5ACC544F19C88E530 /* macchiato_pic_3_portrait.png */,
				980F939912A74D6A91148C03 /* macchiato_pic_1_square.png */,
				7DB24BD97AFF4076B0B09D32 /* macchiato_pic_2_square.png */,
				35BFA981AE144B9AA4C2EF13 /* macchiato_pic_3_square.png */,
				F3DBAE68686A4CF186417D0B /* robusta_coffee_beans_portrait.png */,
				769371110B8B454CB83CE855 /* robusta_coffee_beans_square.png */,
			);
			name = Resources;
			sourceTree = "<group>";
			path = "";
		};
/* End PBXGroup section */

/* Begin PBXNativeTarget section */
		00E356ED1AD99517003FC87E /* Coffee_Shop_AppTests */ = {
			isa = PBXNativeTarget;
			buildConfigurationList = 00E357021AD99517003FC87E /* Build configuration list for PBXNativeTarget "Coffee_Shop_AppTests" */;
			buildPhases = (
				A55EABD7B0C7F3A422A6CC61 /* [CP] Check Pods Manifest.lock */,
				00E356EA1AD99517003FC87E /* Sources */,
				00E356EB1AD99517003FC87E /* Frameworks */,
				00E356EC1AD99517003FC87E /* Resources */,
				C59DA0FBD6956966B86A3779 /* [CP] Embed Pods Frameworks */,
				F6A41C54EA430FDDC6A6ED99 /* [CP] Copy Pods Resources */,
			);
			buildRules = (
			);
			dependencies = (
				00E356F51AD99517003FC87E /* PBXTargetDependency */,
			);
			name = Coffee_Shop_AppTests;
			productName = Coffee_Shop_AppTests;
			productReference = 00E356EE1AD99517003FC87E /* Coffee_Shop_AppTests.xctest */;
			productType = "com.apple.product-type.bundle.unit-test";
		};
		13B07F861A680F5B00A75B9A /* Coffee_Shop_App */ = {
			isa = PBXNativeTarget;
			buildConfigurationList = 13B07F931A680F5B00A75B9A /* Build configuration list for PBXNativeTarget "Coffee_Shop_App" */;
			buildPhases = (
				C38B50BA6285516D6DCD4F65 /* [CP] Check Pods Manifest.lock */,
				13B07F871A680F5B00A75B9A /* Sources */,
				13B07F8C1A680F5B00A75B9A /* Frameworks */,
				13B07F8E1A680F5B00A75B9A /* Resources */,
				00DD1BFF1BD5951E006B06BC /* Bundle React Native code and images */,
				00EEFC60759A1932668264C0 /* [CP] Embed Pods Frameworks */,
				E235C05ADACE081382539298 /* [CP] Copy Pods Resources */,
			);
			buildRules = (
			);
			dependencies = (
			);
			name = Coffee_Shop_App;
			productName = Coffee_Shop_App;
			productReference = 13B07F961A680F5B00A75B9A /* Coffee_Shop_App.app */;
			productType = "com.apple.product-type.application";
		};
/* End PBXNativeTarget section */

/* Begin PBXProject section */
		83CBB9F71A601CBA00E9B192 /* Project object */ = {
			isa = PBXProject;
			attributes = {
				LastUpgradeCheck = 1210;
				TargetAttributes = {
					00E356ED1AD99517003FC87E = {
						CreatedOnToolsVersion = 6.2;
						TestTargetID = 13B07F861A680F5B00A75B9A;
					};
					13B07F861A680F5B00A75B9A = {
						LastSwiftMigration = 1120;
					};
				};
			};
			buildConfigurationList = 83CBB9FA1A601CBA00E9B192 /* Build configuration list for PBXProject "Coffee_Shop_App" */;
			compatibilityVersion = "Xcode 12.0";
			developmentRegion = en;
			hasScannedForEncodings = 0;
			knownRegions = (
				en,
				Base,
			);
			mainGroup = 83CBB9F61A601CBA00E9B192;
			productRefGroup = 83CBBA001A601CBA00E9B192 /* Products */;
			projectDirPath = "";
			projectRoot = "";
			targets = (
				13B07F861A680F5B00A75B9A /* Coffee_Shop_App */,
				00E356ED1AD99517003FC87E /* Coffee_Shop_AppTests */,
			);
		};
/* End PBXProject section */

/* Begin PBXResourcesBuildPhase section */
		00E356EC1AD99517003FC87E /* Resources */ = {
			isa = PBXResourcesBuildPhase;
			buildActionMask = 2147483647;
			files = (
			);
			runOnlyForDeploymentPostprocessing = 0;
		};
		13B07F8E1A680F5B00A75B9A /* Resources */ = {
			isa = PBXResourcesBuildPhase;
			buildActionMask = 2147483647;
			files = (
				81AB9BB82411601600AC10FF /* LaunchScreen.storyboard in Resources */,
				13B07FBF1A68108700A75B9A /* Images.xcassets in Resources */,
				E125F19ADD7A414598CC9DFA /* app_icons.ttf in Resources */,
				D5D7900703784E89B2E99839 /* Poppins-Black.ttf in Resources */,
				B2539AABF081408BACEF0ECD /* Poppins-Bold.ttf in Resources */,
				21E7352213F2408C88559C74 /* Poppins-ExtraBold.ttf in Resources */,
				36E8FF7AA6064FE8AC4ECF06 /* Poppins-ExtraLight.ttf in Resources */,
				9F60054B67F249E8B5431222 /* Poppins-Light.ttf in Resources */,
				11583225606C4728BD7DB128 /* Poppins-Medium.ttf in Resources */,
				483C145A51DD440F8BDF4DB8 /* Poppins-Regular.ttf in Resources */,
				8CBE2D9FEDFD451EA95AC64E /* Poppins-SemiBold.ttf in Resources */,
				D888D932979248ADBCF8ED22 /* Poppins-Thin.ttf in Resources */,
				CBC789AD845648CEAA653BC8 /* amazonpay.png in Resources */,
				B1A9287BEA964C2EB83B6342 /* applepay.png in Resources */,
				2A3D274A93CD4E188BC0BDF5 /* avatar.png in Resources */,
				97C1537DF4F84AA2B66459CE /* gpay.png in Resources */,
				26BCC221B39E41849BCB67A5 /* americano_pic_1_portrait.png in Resources */,
				32110864BA794B81B4838DF9 /* americano_pic_2_portrait.png in Resources */,
				2EC35BDA9172474FBF92AF57 /* americano_pic_3_portrait.png in Resources */,
				0FC6842728CD432E93FEAB5F /* americano_pic_1_square.png in Resources */,
				6586C41A9ACC42CD84E65204 /* americano_pic_2_square.png in Resources */,
				C8CEE8CEF9B9429D9BE8FA78 /* americano_pic_3_square.png in Resources */,
				051B0EB21A7745BB93181AC8 /* arabica_coffee_beans_portrait.png in Resources */,
				9CE06E4493054EE0931954E9 /* arabica_coffee_beans_square.png in Resources */,
				1AC0089E5FDA4C98808FBC4F /* black_coffee_pic_1_portrait.png in Resources */,
				BC974A3B6AA5485BB6FA1FC5 /* black_coffee_pic_2_portrait.png in Resources */,
				EB74C7C0B24A49D4812B2CEB /* black_coffee_pic_3_portrait.png in Resources */,
				D3607C8982814A4E9872F087 /* black_coffee_pic_1_square.png in Resources */,
				E66A7825141C4AD8938340BC /* black_coffee_pic_2_square.png in Resources */,
				D7E4A3CF6240416EA301F583 /* black_coffee_pic_3_square.png in Resources */,
				8355D2F11B8644D59A816F6B /* cappuccino_pic_1_portrait.png in Resources */,
				69AB81F54B254F5FA4A1C1D6 /* cappuccino_pic_2_portrait.png in Resources */,
				16B21A9741CA460081B817BD /* cappuccino_pic_3_portrait.png in Resources */,
				15BADC3FEF584770AC8F7F06 /* cappuccino_pic_1_square.png in Resources */,
				C34A5671A3D54064829D5D67 /* cappuccino_pic_2_square.png in Resources */,
				918688DB4AFF46EC99928D4D /* cappuccino_pic_3_square.png in Resources */,
				E6F24DE597DB407B8E04414F /* espresso_pic_1_portrait.png in Resources */,
				4F14025EDD284B6AAEF5CB8C /* espresso_pic_2_portrait.png in Resources */,
				60AA1A0AEFF043B99D18717A /* espresso_pic_3_portrait.png in Resources */,
				742B927A654A4F06BC9F3819 /* espresso_pic_1_square.png in Resources */,
				83A1F21879F24367A342E482 /* espresso_pic_2_square.png in Resources */,
				C5E9FC59ECD44670BC0AE90F /* espresso_pic_3_square.png in Resources */,
				B01D175588DD4635B8FB8E94 /* excelsa_coffee_beans_portrait.png in Resources */,
				2C2A42693D73452882EE2840 /* excelsa_coffee_beans_square.png in Resources */,
				D2BA3D87F6B341CC8A0A2E67 /* latte_pic_1_portrait.png in Resources */,
				26AD9D6319024522920818F9 /* latte_pic_2_portrait.png in Resources */,
				596D1D10483F411A929BAA32 /* latte_pic_3_portrait.png in Resources */,
				4900022C29F546BA9A6A1F9F /* latte_pic_1_square.png in Resources */,
				71E822C754B340308CF2BF6F /* latte_pic_2_square.png in Resources */,
				3E977B8112A547748096C2A9 /* latte_pic_3_square.png in Resources */,
				41170947E35C4FF087F544C4 /* liberica_coffee_beans_portrait.png in Resources */,
				395AFC09480546169B40660C /* liberica_coffee_beans_square.png in Resources */,
				DCB8F30C97D64E09B194082B /* macchiato_pic_1_portrait.png in Resources */,
				DA1BB1AC35EE42C3A894703D /* macchiato_pic_2_portrait.png in Resources */,
				201539C99A80440FBCA9DE63 /* macchiato_pic_3_portrait.png in Resources */,
				0B75FB8E8EDE457691ED3B25 /* macchiato_pic_1_square.png in Resources */,
				9A06C30A61A5429CA89641DC /* macchiato_pic_2_square.png in Resources */,
				75E95FA844EC409DB5022C49 /* macchiato_pic_3_square.png in Resources */,
				3706673CF2A1457F96042E19 /* robusta_coffee_beans_portrait.png in Resources */,
				D9BC3C02774E4043AAC03B81 /* robusta_coffee_beans_square.png in Resources */,
			);
			runOnlyForDeploymentPostprocessing = 0;
		};
/* End PBXResourcesBuildPhase section */

/* Begin PBXShellScriptBuildPhase section */
		00DD1BFF1BD5951E006B06BC /* Bundle React Native code and images */ = {
			isa = PBXShellScriptBuildPhase;
			buildActionMask = 2147483647;
			files = (
			);
			inputPaths = (
				"$(SRCROOT)/.xcode.env.local",
				"$(SRCROOT)/.xcode.env",
			);
			name = "Bundle React Native code and images";
			outputPaths = (
			);
			runOnlyForDeploymentPostprocessing = 0;
			shellPath = /bin/sh;
			shellScript = "set -e\n\nWITH_ENVIRONMENT=\"../node_modules/react-native/scripts/xcode/with-environment.sh\"\nREACT_NATIVE_XCODE=\"../node_modules/react-native/scripts/react-native-xcode.sh\"\n\n/bin/sh -c \"$WITH_ENVIRONMENT $REACT_NATIVE_XCODE\"\n";
		};
		00EEFC60759A1932668264C0 /* [CP] Embed Pods Frameworks */ = {
			isa = PBXShellScriptBuildPhase;
			buildActionMask = 2147483647;
			files = (
			);
			inputFileListPaths = (
				"${PODS_ROOT}/Target Support Files/Pods-Coffee_Shop_App/Pods-Coffee_Shop_App-frameworks-${CONFIGURATION}-input-files.xcfilelist",
			);
			name = "[CP] Embed Pods Frameworks";
			outputFileListPaths = (
				"${PODS_ROOT}/Target Support Files/Pods-Coffee_Shop_App/Pods-Coffee_Shop_App-frameworks-${CONFIGURATION}-output-files.xcfilelist",
			);
			runOnlyForDeploymentPostprocessing = 0;
			shellPath = /bin/sh;
			shellScript = "\"${PODS_ROOT}/Target Support Files/Pods-Coffee_Shop_App/Pods-Coffee_Shop_App-frameworks.sh\"\n";
			showEnvVarsInLog = 0;
		};
		A55EABD7B0C7F3A422A6CC61 /* [CP] Check Pods Manifest.lock */ = {
			isa = PBXShellScriptBuildPhase;
			buildActionMask = 2147483647;
			files = (
			);
			inputFileListPaths = (
			);
			inputPaths = (
				"${PODS_PODFILE_DIR_PATH}/Podfile.lock",
				"${PODS_ROOT}/Manifest.lock",
			);
			name = "[CP] Check Pods Manifest.lock";
			outputFileListPaths = (
			);
			outputPaths = (
				"$(DERIVED_FILE_DIR)/Pods-Coffee_Shop_App-Coffee_Shop_AppTests-checkManifestLockResult.txt",
			);
			runOnlyForDeploymentPostprocessing = 0;
			shellPath = /bin/sh;
			shellScript = "diff \"${PODS_PODFILE_DIR_PATH}/Podfile.lock\" \"${PODS_ROOT}/Manifest.lock\" > /dev/null\nif [ $? != 0 ] ; then\n    # print error to STDERR\n    echo \"error: The sandbox is not in sync with the Podfile.lock. Run 'pod install' or update your CocoaPods installation.\" >&2\n    exit 1\nfi\n# This output is used by Xcode 'outputs' to avoid re-running this script phase.\necho \"SUCCESS\" > \"${SCRIPT_OUTPUT_FILE_0}\"\n";
			showEnvVarsInLog = 0;
		};
		C38B50BA6285516D6DCD4F65 /* [CP] Check Pods Manifest.lock */ = {
			isa = PBXShellScriptBuildPhase;
			buildActionMask = 2147483647;
			files = (
			);
			inputFileListPaths = (
			);
			inputPaths = (
				"${PODS_PODFILE_DIR_PATH}/Podfile.lock",
				"${PODS_ROOT}/Manifest.lock",
			);
			name = "[CP] Check Pods Manifest.lock";
			outputFileListPaths = (
			);
			outputPaths = (
				"$(DERIVED_FILE_DIR)/Pods-Coffee_Shop_App-checkManifestLockResult.txt",
			);
			runOnlyForDeploymentPostprocessing = 0;
			shellPath = /bin/sh;
			shellScript = "diff \"${PODS_PODFILE_DIR_PATH}/Podfile.lock\" \"${PODS_ROOT}/Manifest.lock\" > /dev/null\nif [ $? != 0 ] ; then\n    # print error to STDERR\n    echo \"error: The sandbox is not in sync with the Podfile.lock. Run 'pod install' or update your CocoaPods installation.\" >&2\n    exit 1\nfi\n# This output is used by Xcode 'outputs' to avoid re-running this script phase.\necho \"SUCCESS\" > \"${SCRIPT_OUTPUT_FILE_0}\"\n";
			showEnvVarsInLog = 0;
		};
		C59DA0FBD6956966B86A3779 /* [CP] Embed Pods Frameworks */ = {
			isa = PBXShellScriptBuildPhase;
			buildActionMask = 2147483647;
			files = (
			);
			inputFileListPaths = (
				"${PODS_ROOT}/Target Support Files/Pods-Coffee_Shop_App-Coffee_Shop_AppTests/Pods-Coffee_Shop_App-Coffee_Shop_AppTests-frameworks-${CONFIGURATION}-input-files.xcfilelist",
			);
			name = "[CP] Embed Pods Frameworks";
			outputFileListPaths = (
				"${PODS_ROOT}/Target Support Files/Pods-Coffee_Shop_App-Coffee_Shop_AppTests/Pods-Coffee_Shop_App-Coffee_Shop_AppTests-frameworks-${CONFIGURATION}-output-files.xcfilelist",
			);
			runOnlyForDeploymentPostprocessing = 0;
			shellPath = /bin/sh;
			shellScript = "\"${PODS_ROOT}/Target Support Files/Pods-Coffee_Shop_App-Coffee_Shop_AppTests/Pods-Coffee_Shop_App-Coffee_Shop_AppTests-frameworks.sh\"\n";
			showEnvVarsInLog = 0;
		};
		E235C05ADACE081382539298 /* [CP] Copy Pods Resources */ = {
			isa = PBXShellScriptBuildPhase;
			buildActionMask = 2147483647;
			files = (
			);
			inputFileListPaths = (
				"${PODS_ROOT}/Target Support Files/Pods-Coffee_Shop_App/Pods-Coffee_Shop_App-resources-${CONFIGURATION}-input-files.xcfilelist",
			);
			name = "[CP] Copy Pods Resources";
			outputFileListPaths = (
				"${PODS_ROOT}/Target Support Files/Pods-Coffee_Shop_App/Pods-Coffee_Shop_App-resources-${CONFIGURATION}-output-files.xcfilelist",
			);
			runOnlyForDeploymentPostprocessing = 0;
			shellPath = /bin/sh;
			shellScript = "\"${PODS_ROOT}/Target Support Files/Pods-Coffee_Shop_App/Pods-Coffee_Shop_App-resources.sh\"\n";
			showEnvVarsInLog = 0;
		};
		F6A41C54EA430FDDC6A6ED99 /* [CP] Copy Pods Resources */ = {
			isa = PBXShellScriptBuildPhase;
			buildActionMask = 2147483647;
			files = (
			);
			inputFileListPaths = (
				"${PODS_ROOT}/Target Support Files/Pods-Coffee_Shop_App-Coffee_Shop_AppTests/Pods-Coffee_Shop_App-Coffee_Shop_AppTests-resources-${CONFIGURATION}-input-files.xcfilelist",
			);
			name = "[CP] Copy Pods Resources";
			outputFileListPaths = (
				"${PODS_ROOT}/Target Support Files/Pods-Coffee_Shop_App-Coffee_Shop_AppTests/Pods-Coffee_Shop_App-Coffee_Shop_AppTests-resources-${CONFIGURATION}-output-files.xcfilelist",
			);
			runOnlyForDeploymentPostprocessing = 0;
			shellPath = /bin/sh;
			shellScript = "\"${PODS_ROOT}/Target Support Files/Pods-Coffee_Shop_App-Coffee_Shop_AppTests/Pods-Coffee_Shop_App-Coffee_Shop_AppTests-resources.sh\"\n";
			showEnvVarsInLog = 0;
		};
/* End PBXShellScriptBuildPhase section */

/* Begin PBXSourcesBuildPhase section */
		00E356EA1AD99517003FC87E /* Sources */ = {
			isa = PBXSourcesBuildPhase;
			buildActionMask = 2147483647;
			files = (
				00E356F31AD99517003FC87E /* Coffee_Shop_AppTests.m in Sources */,
			);
			runOnlyForDeploymentPostprocessing = 0;
		};
		13B07F871A680F5B00A75B9A /* Sources */ = {
			isa = PBXSourcesBuildPhase;
			buildActionMask = 2147483647;
			files = (
				13B07FBC1A68108700A75B9A /* AppDelegate.mm in Sources */,
				13B07FC11A68108700A75B9A /* main.m in Sources */,
			);
			runOnlyForDeploymentPostprocessing = 0;
		};
/* End PBXSourcesBuildPhase section */

/* Begin PBXTargetDependency section */
		00E356F51AD99517003FC87E /* PBXTargetDependency */ = {
			isa = PBXTargetDependency;
			target = 13B07F861A680F5B00A75B9A /* Coffee_Shop_App */;
			targetProxy = 00E356F41AD99517003FC87E /* PBXContainerItemProxy */;
		};
/* End PBXTargetDependency section */

/* Begin XCBuildConfiguration section */
		00E356F61AD99517003FC87E /* Debug */ = {
			isa = XCBuildConfiguration;
			baseConfigurationReference = 5B7EB9410499542E8C5724F5 /* Pods-Coffee_Shop_App-Coffee_Shop_AppTests.debug.xcconfig */;
			buildSettings = {
				BUNDLE_LOADER = "$(TEST_HOST)";
				GCC_PREPROCESSOR_DEFINITIONS = (
					"DEBUG=1",
					"$(inherited)",
				);
				INFOPLIST_FILE = Coffee_Shop_AppTests/Info.plist;
				IPHONEOS_DEPLOYMENT_TARGET = 13.4;
				LD_RUNPATH_SEARCH_PATHS = (
					"$(inherited)",
					"@executable_path/Frameworks",
					"@loader_path/Frameworks",
				);
				OTHER_LDFLAGS = (
					"-ObjC",
					"-lc++",
					"$(inherited)",
				);
				PRODUCT_BUNDLE_IDENTIFIER = "org.reactjs.native.example.$(PRODUCT_NAME:rfc1034identifier)";
				PRODUCT_NAME = "$(TARGET_NAME)";
				TEST_HOST = "$(BUILT_PRODUCTS_DIR)/Coffee_Shop_App.app/Coffee_Shop_App";
			};
			name = Debug;
		};
		00E356F71AD99517003FC87E /* Release */ = {
			isa = XCBuildConfiguration;
			baseConfigurationReference = 89C6BE57DB24E9ADA2F236DE /* Pods-Coffee_Shop_App-Coffee_Shop_AppTests.release.xcconfig */;
			buildSettings = {
				BUNDLE_LOADER = "$(TEST_HOST)";
				COPY_PHASE_STRIP = NO;
				INFOPLIST_FILE = Coffee_Shop_AppTests/Info.plist;
				IPHONEOS_DEPLOYMENT_TARGET = 13.4;
				LD_RUNPATH_SEARCH_PATHS = (
					"$(inherited)",
					"@executable_path/Frameworks",
					"@loader_path/Frameworks",
				);
				OTHER_LDFLAGS = (
					"-ObjC",
					"-lc++",
					"$(inherited)",
				);
				PRODUCT_BUNDLE_IDENTIFIER = "org.reactjs.native.example.$(PRODUCT_NAME:rfc1034identifier)";
				PRODUCT_NAME = "$(TARGET_NAME)";
				TEST_HOST = "$(BUILT_PRODUCTS_DIR)/Coffee_Shop_App.app/Coffee_Shop_App";
			};
			name = Release;
		};
		13B07F941A680F5B00A75B9A /* Debug */ = {
			isa = XCBuildConfiguration;
			baseConfigurationReference = 3B4392A12AC88292D35C810B /* Pods-Coffee_Shop_App.debug.xcconfig */;
			buildSettings = {
				ASSETCATALOG_COMPILER_APPICON_NAME = AppIcon;
				CLANG_ENABLE_MODULES = YES;
				CURRENT_PROJECT_VERSION = 1;
				ENABLE_BITCODE = NO;
				INFOPLIST_FILE = Coffee_Shop_App/Info.plist;
				LD_RUNPATH_SEARCH_PATHS = (
					"$(inherited)",
					"@executable_path/Frameworks",
				);
				MARKETING_VERSION = 1.0;
				OTHER_LDFLAGS = (
					"$(inherited)",
					"-ObjC",
					"-lc++",
				);
				PRODUCT_BUNDLE_IDENTIFIER = "org.reactjs.native.example.$(PRODUCT_NAME:rfc1034identifier)";
				PRODUCT_NAME = Coffee_Shop_App;
				SWIFT_OPTIMIZATION_LEVEL = "-Onone";
				SWIFT_VERSION = 5.0;
				VERSIONING_SYSTEM = "apple-generic";
			};
			name = Debug;
		};
		13B07F951A680F5B00A75B9A /* Release */ = {
			isa = XCBuildConfiguration;
			baseConfigurationReference = 5709B34CF0A7D63546082F79 /* Pods-Coffee_Shop_App.release.xcconfig */;
			buildSettings = {
				ASSETCATALOG_COMPILER_APPICON_NAME = AppIcon;
				CLANG_ENABLE_MODULES = YES;
				CURRENT_PROJECT_VERSION = 1;
				INFOPLIST_FILE = Coffee_Shop_App/Info.plist;
				LD_RUNPATH_SEARCH_PATHS = (
					"$(inherited)",
					"@executable_path/Frameworks",
				);
				MARKETING_VERSION = 1.0;
				OTHER_LDFLAGS = (
					"$(inherited)",
					"-ObjC",
					"-lc++",
				);
				PRODUCT_BUNDLE_IDENTIFIER = "org.reactjs.native.example.$(PRODUCT_NAME:rfc1034identifier)";
				PRODUCT_NAME = Coffee_Shop_App;
				SWIFT_VERSION = 5.0;
				VERSIONING_SYSTEM = "apple-generic";
			};
			name = Release;
		};
		83CBBA201A601CBA00E9B192 /* Debug */ = {
			isa = XCBuildConfiguration;
			buildSettings = {
				ALWAYS_SEARCH_USER_PATHS = NO;
				CLANG_ANALYZER_LOCALIZABILITY_NONLOCALIZED = YES;
				CLANG_CXX_LANGUAGE_STANDARD = "c++20";
				CLANG_CXX_LIBRARY = "libc++";
				CLANG_ENABLE_MODULES = YES;
				CLANG_ENABLE_OBJC_ARC = YES;
				CLANG_WARN_BLOCK_CAPTURE_AUTORELEASING = YES;
				CLANG_WARN_BOOL_CONVERSION = YES;
				CLANG_WARN_COMMA = YES;
				CLANG_WARN_CONSTANT_CONVERSION = YES;
				CLANG_WARN_DEPRECATED_OBJC_IMPLEMENTATIONS = YES;
				CLANG_WARN_DIRECT_OBJC_ISA_USAGE = YES_ERROR;
				CLANG_WARN_EMPTY_BODY = YES;
				CLANG_WARN_ENUM_CONVERSION = YES;
				CLANG_WARN_INFINITE_RECURSION = YES;
				CLANG_WARN_INT_CONVERSION = YES;
				CLANG_WARN_NON_LITERAL_NULL_CONVERSION = YES;
				CLANG_WARN_OBJC_IMPLICIT_RETAIN_SELF = YES;
				CLANG_WARN_OBJC_LITERAL_CONVERSION = YES;
				CLANG_WARN_OBJC_ROOT_CLASS = YES_ERROR;
				CLANG_WARN_QUOTED_INCLUDE_IN_FRAMEWORK_HEADER = YES;
				CLANG_WARN_RANGE_LOOP_ANALYSIS = YES;
				CLANG_WARN_STRICT_PROTOTYPES = YES;
				CLANG_WARN_SUSPICIOUS_MOVE = YES;
				CLANG_WARN_UNREACHABLE_CODE = YES;
				CLANG_WARN__DUPLICATE_METHOD_MATCH = YES;
				"CODE_SIGN_IDENTITY[sdk=iphoneos*]" = "iPhone Developer";
				COPY_PHASE_STRIP = NO;
				ENABLE_STRICT_OBJC_MSGSEND = YES;
				ENABLE_TESTABILITY = YES;
				"EXCLUDED_ARCHS[sdk=iphonesimulator*]" = "";
				GCC_C_LANGUAGE_STANDARD = gnu99;
				GCC_DYNAMIC_NO_PIC = NO;
				GCC_NO_COMMON_BLOCKS = YES;
				GCC_OPTIMIZATION_LEVEL = 0;
				GCC_PREPROCESSOR_DEFINITIONS = (
					"DEBUG=1",
					"$(inherited)",
				);
				GCC_SYMBOLS_PRIVATE_EXTERN = NO;
				GCC_WARN_64_TO_32_BIT_CONVERSION = YES;
				GCC_WARN_ABOUT_RETURN_TYPE = YES_ERROR;
				GCC_WARN_UNDECLARED_SELECTOR = YES;
				GCC_WARN_UNINITIALIZED_AUTOS = YES_AGGRESSIVE;
				GCC_WARN_UNUSED_FUNCTION = YES;
				GCC_WARN_UNUSED_VARIABLE = YES;
				IPHONEOS_DEPLOYMENT_TARGET = 13.4;
				LD_RUNPATH_SEARCH_PATHS = (
					/usr/lib/swift,
					"$(inherited)",
				);
				LIBRARY_SEARCH_PATHS = (
					"\"$(SDKROOT)/usr/lib/swift\"",
					"\"$(TOOLCHAIN_DIR)/usr/lib/swift/$(PLATFORM_NAME)\"",
					"\"$(inherited)\"",
				);
				MTL_ENABLE_DEBUG_INFO = YES;
				ONLY_ACTIVE_ARCH = YES;
				OTHER_CPLUSPLUSFLAGS = (
					"$(OTHER_CFLAGS)",
					"-DFOLLY_NO_CONFIG",
					"-DFOLLY_MOBILE=1",
					"-DFOLLY_USE_LIBCPP=1",
					"-DFOLLY_CFG_NO_COROUTINES=1",
				);
				SDKROOT = iphoneos;
			};
			name = Debug;
		};
		83CBBA211A601CBA00E9B192 /* Release */ = {
			isa = XCBuildConfiguration;
			buildSettings = {
				ALWAYS_SEARCH_USER_PATHS = NO;
				CLANG_ANALYZER_LOCALIZABILITY_NONLOCALIZED = YES;
				CLANG_CXX_LANGUAGE_STANDARD = "c++20";
				CLANG_CXX_LIBRARY = "libc++";
				CLANG_ENABLE_MODULES = YES;
				CLANG_ENABLE_OBJC_ARC = YES;
				CLANG_WARN_BLOCK_CAPTURE_AUTORELEASING = YES;
				CLANG_WARN_BOOL_CONVERSION = YES;
				CLANG_WARN_COMMA = YES;
				CLANG_WARN_CONSTANT_CONVERSION = YES;
				CLANG_WARN_DEPRECATED_OBJC_IMPLEMENTATIONS = YES;
				CLANG_WARN_DIRECT_OBJC_ISA_USAGE = YES_ERROR;
				CLANG_WARN_EMPTY_BODY = YES;
				CLANG_WARN_ENUM_CONVERSION = YES;
				CLANG_WARN_INFINITE_RECURSION = YES;
				CLANG_WARN_INT_CONVERSION = YES;
				CLANG_WARN_NON_LITERAL_NULL_CONVERSION = YES;
				CLANG_WARN_OBJC_IMPLICIT_RETAIN_SELF = YES;
				CLANG_WARN_OBJC_LITERAL_CONVERSION = YES;
				CLANG_WARN_OBJC_ROOT_CLASS = YES_ERROR;
				CLANG_WARN_QUOTED_INCLUDE_IN_FRAMEWORK_HEADER = YES;
				CLANG_WARN_RANGE_LOOP_ANALYSIS = YES;
				CLANG_WARN_STRICT_PROTOTYPES = YES;
				CLANG_WARN_SUSPICIOUS_MOVE = YES;
				CLANG_WARN_UNREACHABLE_CODE = YES;
				CLANG_WARN__DUPLICATE_METHOD_MATCH = YES;
				"CODE_SIGN_IDENTITY[sdk=iphoneos*]" = "iPhone Developer";
				COPY_PHASE_STRIP = YES;
				ENABLE_NS_ASSERTIONS = NO;
				ENABLE_STRICT_OBJC_MSGSEND = YES;
				"EXCLUDED_ARCHS[sdk=iphonesimulator*]" = "";
				GCC_C_LANGUAGE_STANDARD = gnu99;
				GCC_NO_COMMON_BLOCKS = YES;
				GCC_WARN_64_TO_32_BIT_CONVERSION = YES;
				GCC_WARN_ABOUT_RETURN_TYPE = YES_ERROR;
				GCC_WARN_UNDECLARED_SELECTOR = YES;
				GCC_WARN_UNINITIALIZED_AUTOS = YES_AGGRESSIVE;
				GCC_WARN_UNUSED_FUNCTION = YES;
				GCC_WARN_UNUSED_VARIABLE = YES;
				IPHONEOS_DEPLOYMENT_TARGET = 13.4;
				LD_RUNPATH_SEARCH_PATHS = (
					/usr/lib/swift,
					"$(inherited)",
				);
				LIBRARY_SEARCH_PATHS = (
					"\"$(SDKROOT)/usr/lib/swift\"",
					"\"$(TOOLCHAIN_DIR)/usr/lib/swift/$(PLATFORM_NAME)\"",
					"\"$(inherited)\"",
				);
				MTL_ENABLE_DEBUG_INFO = NO;
				OTHER_CPLUSPLUSFLAGS = (
					"$(OTHER_CFLAGS)",
					"-DFOLLY_NO_CONFIG",
					"-DFOLLY_MOBILE=1",
					"-DFOLLY_USE_LIBCPP=1",
					"-DFOLLY_CFG_NO_COROUTINES=1",
				);
				SDKROOT = iphoneos;
				VALIDATE_PRODUCT = YES;
			};
			name = Release;
		};
/* End XCBuildConfiguration section */

/* Begin XCConfigurationList section */
		00E357021AD99517003FC87E /* Build configuration list for PBXNativeTarget "Coffee_Shop_AppTests" */ = {
			isa = XCConfigurationList;
			buildConfigurations = (
				00E356F61AD99517003FC87E /* Debug */,
				00E356F71AD99517003FC87E /* Release */,
			);
			defaultConfigurationIsVisible = 0;
			defaultConfigurationName = Release;
		};
		13B07F931A680F5B00A75B9A /* Build configuration list for PBXNativeTarget "Coffee_Shop_App" */ = {
			isa = XCConfigurationList;
			buildConfigurations = (
				13B07F941A680F5B00A75B9A /* Debug */,
				13B07F951A680F5B00A75B9A /* Release */,
			);
			defaultConfigurationIsVisible = 0;
			defaultConfigurationName = Release;
		};
		83CBB9FA1A601CBA00E9B192 /* Build configuration list for PBXProject "Coffee_Shop_App" */ = {
			isa = XCConfigurationList;
			buildConfigurations = (
				83CBBA201A601CBA00E9B192 /* Debug */,
				83CBBA211A601CBA00E9B192 /* Release */,
			);
			defaultConfigurationIsVisible = 0;
			defaultConfigurationName = Release;
		};
/* End XCConfigurationList section */
	};
	rootObject = 83CBB9F71A601CBA00E9B192 /* Project object */;
}
